{
  "name": "digital-tailor",
  "lockfileVersion": 3,
  "requires": true,
  "packages": {
    "": {
      "dependencies": {
        "nodemailer": "^6.9.4"
      }
    },
    "node_modules/nodemailer": {
      "version": "6.9.4",
      "resolved": "https://registry.npmjs.org/nodemailer/-/nodemailer-6.9.4.tgz",
      "integrity": "sha512-CXjQvrQZV4+6X5wP6ZIgdehJamI63MFoYFGGPtHudWym9qaEHDNdPzaj5bfMCvxG1vhAileSWW90q7nL0N36mA==",
      "engines": {
        "node": ">=6.0.0"
      }
    }
  }
}
